PODS:
  - Capacitor (6.2.1):
    - CapacitorCordova
  - CapacitorApp (6.0.3):
    - Capacitor
  - CapacitorClipboard (6.0.3):
    - Capacitor
  - CapacitorCordova (6.2.1)
  - CapacitorShare (6.0.4):
    - Capacitor
  - CapacitorSplashScreen (6.0.4):
    - Capacitor
  - CapacitorStatusBar (6.0.3):
    - Capacitor

DEPENDENCIES:
  - "Capacitor (from `../../node_modules/@capacitor/ios`)"
  - "CapacitorApp (from `../../node_modules/@capacitor/app`)"
  - "CapacitorClipboard (from `../../node_modules/@capacitor/clipboard`)"
  - "CapacitorCordova (from `../../node_modules/@capacitor/ios`)"
  - "CapacitorShare (from `../../node_modules/@capacitor/share`)"
  - "CapacitorSplashScreen (from `../../node_modules/@capacitor/splash-screen`)"
  - "CapacitorStatusBar (from `../../node_modules/@capacitor/status-bar`)"

EXTERNAL SOURCES:
  Capacitor:
    :path: "../../node_modules/@capacitor/ios"
  CapacitorApp:
    :path: "../../node_modules/@capacitor/app"
  CapacitorClipboard:
    :path: "../../node_modules/@capacitor/clipboard"
  CapacitorCordova:
    :path: "../../node_modules/@capacitor/ios"
  CapacitorShare:
    :path: "../../node_modules/@capacitor/share"
  CapacitorSplashScreen:
    :path: "../../node_modules/@capacitor/splash-screen"
  CapacitorStatusBar:
    :path: "../../node_modules/@capacitor/status-bar"

SPEC CHECKSUMS:
  Capacitor: c95400d761e376be9da6be5a05f226c0e865cebf
  CapacitorApp: a19ccb4f5f32d2534be5c6f524d5a9b614a1e8a7
  CapacitorClipboard: 6479f3d5c20e5f985cb72e620e11f20a351777e2
  CapacitorCordova: 8d93e14982f440181be7304aa9559ca631d77fff
  CapacitorShare: 77ff779e3b7c6ae9fb5461e52cf7ef805d429491
  CapacitorSplashScreen: ef140a8b1ea7244e0c245ce2dd4ce5251e7ab86a
  CapacitorStatusBar: 149cde8f1328ec3aa6cbdd872a55137ae3f98b16

PODFILE CHECKSUM: c6c1a42ccf977ef1f7e7be9edec30cd9698850a5

COCOAPODS: 1.16.2
